<Solution>
  <Folder Name="/Solution Items/">
    <File Path="..\docker-compose.yaml" />
    <File Path="..\Makefile" />
  </Folder>
  <Project Path="ShippingOrderService.Tests/ShippingOrderService.Tests.csproj" />
  <Project Path="ShippingOrderService.Web/ShippingOrderService.Web.csproj" />
</Solution>
